// !$*UTF8*$!
{
	archiveVersion = 1;
	classes = {
	};
	objectVersion = 46;
	objects = {

/* Begin PBXBuildFile section */
		2B5E91FF1A2789A900BF285B /* AppDelegate.swift in Sources */ = {isa = PBXBuildFile; fileRef = 2B5E91FE1A2789A900BF285B /* AppDelegate.swift */; };
		2B5E92011A2789A900BF285B /* ViewController.swift in Sources */ = {isa = PBXBuildFile; fileRef = 2B5E92001A2789A900BF285B /* ViewController.swift */; };
		2B5E92041A2789A900BF285B /* Main.storyboard in Resources */ = {isa = PBXBuildFile; fileRef = 2B5E92021A2789A900BF285B /* Main.storyboard */; };
		2B5E92061A2789A900BF285B /* Images.xcassets in Resources */ = {isa = PBXBuildFile; fileRef = 2B5E92051A2789A900BF285B /* Images.xcassets */; };
		2B5E92091A2789A900BF285B /* LaunchScreen.xib in Resources */ = {isa = PBXBuildFile; fileRef = 2B5E92071A2789A900BF285B /* LaunchScreen.xib */; };
		2B5E92151A2789A900BF285B /* SwiftNineMenMorrisTests.swift in Sources */ = {isa = PBXBuildFile; fileRef = 2B5E92141A2789A900BF285B /* SwiftNineMenMorrisTests.swift */; };
		2B5E92211A278A7700BF285B /* Black.png in Resources */ = {isa = PBXBuildFile; fileRef = 2B5E921E1A278A7700BF285B /* Black.png */; };
		2B5E92221A278A7700BF285B /* Red.png in Resources */ = {isa = PBXBuildFile; fileRef = 2B5E921F1A278A7700BF285B /* Red.png */; };
		2B5E92231A278A7700BF285B /* White.png in Resources */ = {isa = PBXBuildFile; fileRef = 2B5E92201A278A7700BF285B /* White.png */; };
/* End PBXBuildFile section */

/* Begin PBXContainerItemProxy section */
		2B5E920F1A2789A900BF285B /* PBXContainerItemProxy */ = {
			isa = PBXContainerItemProxy;
			containerPortal = 2B5E91F11A2789A900BF285B /* Project object */;
			proxyType = 1;
			remoteGlobalIDString = 2B5E91F81A2789A900BF285B;
			remoteInfo = SwiftNineMenMorris;
		};
/* End PBXContainerItemProxy section */

/* Begin PBXFileReference section */
		2B5E91F91A2789A900BF285B /* SwiftNineMenMorris.app */ = {isa = PBXFileReference; explicitFileType = wrapper.application; includeInIndex = 0; path = SwiftNineMenMorris.app; sourceTree = BUILT_PRODUCTS_DIR; };
		2B5E91FD1A2789A900BF285B /* Info.plist */ = {isa = PBXFileReference; lastKnownFileType = text.plist.xml; path = Info.plist; sourceTree = "<group>"; };
		2B5E91FE1A2789A900BF285B /* AppDelegate.swift */ = {isa = PBXFileReference; lastKnownFileType = sourcecode.swift; path = AppDelegate.swift; sourceTree = "<group>"; };
		2B5E92001A2789A900BF285B /* ViewController.swift */ = {isa = PBXFileReference; lastKnownFileType = sourcecode.swift; path = ViewController.swift; sourceTree = "<group>"; };
		2B5E92031A2789A900BF285B /* Base */ = {isa = PBXFileReference; lastKnownFileType = file.storyboard; name = Base; path = Base.lproj/Main.storyboard; sourceTree = "<group>"; };
		2B5E92051A2789A900BF285B /* Images.xcassets */ = {isa = PBXFileReference; lastKnownFileType = folder.assetcatalog; path = Images.xcassets; sourceTree = "<group>"; };
		2B5E92081A2789A900BF285B /* Base */ = {isa = PBXFileReference; lastKnownFileType = file.xib; name = Base; path = Base.lproj/LaunchScreen.xib; sourceTree = "<group>"; };
		2B5E920E1A2789A900BF285B /* SwiftNineMenMorrisTests.xctest */ = {isa = PBXFileReference; explicitFileType = wrapper.cfbundle; includeInIndex = 0; path = SwiftNineMenMorrisTests.xctest; sourceTree = BUILT_PRODUCTS_DIR; };
		2B5E92131A2789A900BF285B /* Info.plist */ = {isa = PBXFileReference; lastKnownFileType = text.plist.xml; path = Info.plist; sourceTree = "<group>"; };
		2B5E92141A2789A900BF285B /* SwiftNineMenMorrisTests.swift */ = {isa = PBXFileReference; lastKnownFileType = sourcecode.swift; path = SwiftNineMenMorrisTests.swift; sourceTree = "<group>"; };
		2B5E921E1A278A7700BF285B /* Black.png */ = {isa = PBXFileReference; lastKnownFileType = image.png; path = Black.png; sourceTree = "<group>"; };
		2B5E921F1A278A7700BF285B /* Red.png */ = {isa = PBXFileReference; lastKnownFileType = image.png; path = Red.png; sourceTree = "<group>"; };
		2B5E92201A278A7700BF285B /* White.png */ = {isa = PBXFileReference; lastKnownFileType = image.png; path = White.png; sourceTree = "<group>"; };
/* End PBXFileReference section */

/* Begin PBXFrameworksBuildPhase section */
		2B5E91F61A2789A900BF285B /* Frameworks */ = {
			isa = PBXFrameworksBuildPhase;
			buildActionMask = 2147483647;
			files = (
			);
			runOnlyForDeploymentPostprocessing = 0;
		};
		2B5E920B1A2789A900BF285B /* Frameworks */ = {
			isa = PBXFrameworksBuildPhase;
			buildActionMask = 2147483647;
			files = (
			);
			runOnlyForDeploymentPostprocessing = 0;
		};
/* End PBXFrameworksBuildPhase section */

/* Begin PBXGroup section */
		2B5E91F01A2789A900BF285B = {
			isa = PBXGroup;
			children = (
				2B5E91FB1A2789A900BF285B /* SwiftNineMenMorris */,
				2B5E92111A2789A900BF285B /* SwiftNineMenMorrisTests */,
				2B5E91FA1A2789A900BF285B /* Products */,
			);
			sourceTree = "<group>";
		};
		2B5E91FA1A2789A900BF285B /* Products */ = {
			isa = PBXGroup;
			children = (
				2B5E91F91A2789A900BF285B /* SwiftNineMenMorris.app */,
				2B5E920E1A2789A900BF285B /* SwiftNineMenMorrisTests.xctest */,
			);
			name = Products;
			sourceTree = "<group>";
		};
		2B5E91FB1A2789A900BF285B /* SwiftNineMenMorris */ = {
			isa = PBXGroup;
			children = (
				2B5E91FE1A2789A900BF285B /* AppDelegate.swift */,
				2B5E92001A2789A900BF285B /* ViewController.swift */,
				2B5E92021A2789A900BF285B /* Main.storyboard */,
				2B5E92051A2789A900BF285B /* Images.xcassets */,
				2B5E92071A2789A900BF285B /* LaunchScreen.xib */,
				2B5E921E1A278A7700BF285B /* Black.png */,
				2B5E921F1A278A7700BF285B /* Red.png */,
				2B5E92201A278A7700BF285B /* White.png */,
				2B5E91FC1A2789A900BF285B /* Supporting Files */,
			);
			path = SwiftNineMenMorris;
			sourceTree = "<group>";
		};
		2B5E91FC1A2789A900BF285B /* Supporting Files */ = {
			isa = PBXGroup;
			children = (
				2B5E91FD1A2789A900BF285B /* Info.plist */,
			);
			name = "Supporting Files";
			sourceTree = "<group>";
		};
		2B5E92111A2789A900BF285B /* SwiftNineMenMorrisTests */ = {
			isa = PBXGroup;
			children = (
				2B5E92141A2789A900BF285B /* SwiftNineMenMorrisTests.swift */,
				2B5E92121A2789A900BF285B /* Supporting Files */,
			);
			path = SwiftNineMenMorrisTests;
			sourceTree = "<group>";
		};
		2B5E92121A2789A900BF285B /* Supporting Files */ = {
			isa = PBXGroup;
			children = (
				2B5E92131A2789A900BF285B /* Info.plist */,
			);
			name = "Supporting Files";
			sourceTree = "<group>";
		};
/* End PBXGroup section */

/* Begin PBXNativeTarget section */
		2B5E91F81A2789A900BF285B /* SwiftNineMenMorris */ = {
			isa = PBXNativeTarget;
			buildConfigurationList = 2B5E92181A2789A900BF285B /* Build configuration list for PBXNativeTarget "SwiftNineMenMorris" */;
			buildPhases = (
				2B5E91F51A2789A900BF285B /* Sources */,
				2B5E91F61A2789A900BF285B /* Frameworks */,
				2B5E91F71A2789A900BF285B /* Resources */,
			);
			buildRules = (
			);
			dependencies = (
			);
			name = SwiftNineMenMorris;
			productName = SwiftNineMenMorris;
			productReference = 2B5E91F91A2789A900BF285B /* SwiftNineMenMorris.app */;
			productType = "com.apple.product-type.application";
		};
		2B5E920D1A2789A900BF285B /* SwiftNineMenMorrisTests */ = {
			isa = PBXNativeTarget;
			buildConfigurationList = 2B5E921B1A2789A900BF285B /* Build configuration list for PBXNativeTarget "SwiftNineMenMorrisTests" */;
			buildPhases = (
				2B5E920A1A2789A900BF285B /* Sources */,
				2B5E920B1A2789A900BF285B /* Frameworks */,
				2B5E920C1A2789A900BF285B /* Resources */,
			);
			buildRules = (
			);
			dependencies = (
				2B5E92101A2789A900BF285B /* PBXTargetDependency */,
			);
			name = SwiftNineMenMorrisTests;
			productName = SwiftNineMenMorrisTests;
			productReference = 2B5E920E1A2789A900BF285B /* SwiftNineMenMorrisTests.xctest */;
			productType = "com.apple.product-type.bundle.unit-test";
		};
/* End PBXNativeTarget section */

/* Begin PBXProject section */
		2B5E91F11A2789A900BF285B /* Project object */ = {
			isa = PBXProject;
			attributes = {
				LastUpgradeCheck = 0610;
				ORGANIZATIONNAME = kj;
				TargetAttributes = {
					2B5E91F81A2789A900BF285B = {
						CreatedOnToolsVersion = 6.1.1;
					};
					2B5E920D1A2789A900BF285B = {
						CreatedOnToolsVersion = 6.1.1;
						TestTargetID = 2B5E91F81A2789A900BF285B;
					};
				};
			};
			buildConfigurationList = 2B5E91F41A2789A900BF285B /* Build configuration list for PBXProject "SwiftNineMenMorris" */;
			compatibilityVersion = "Xcode 3.2";
			developmentRegion = English;
			hasScannedForEncodings = 0;
			knownRegions = (
				en,
				Base,
			);
			mainGroup = 2B5E91F01A2789A900BF285B;
			productRefGroup = 2B5E91FA1A2789A900BF285B /* Products */;
			projectDirPath = "";
			projectRoot = "";
			targets = (
				2B5E91F81A2789A900BF285B /* SwiftNineMenMorris */,
				2B5E920D1A2789A900BF285B /* SwiftNineMenMorrisTests */,
			);
		};
/* End PBXProject section */

/* Begin PBXResourcesBuildPhase section */
		2B5E91F71A2789A900BF285B /* Resources */ = {
			isa = PBXResourcesBuildPhase;
			buildActionMask = 2147483647;
			files = (
				2B5E92041A2789A900BF285B /* Main.storyboard in Resources */,
				2B5E92221A278A7700BF285B /* Red.png in Resources */,
				2B5E92211A278A7700BF285B /* Black.png in Resources */,
				2B5E92231A278A7700BF285B /* White.png in Resources */,
				2B5E92091A2789A900BF285B /* LaunchScreen.xib in Resources */,
				2B5E92061A2789A900BF285B /* Images.xcassets in Resources */,
			);
			runOnlyForDeploymentPostprocessing = 0;
		};
		2B5E920C1A2789A900BF285B /* Resources */ = {
			isa = PBXResourcesBuildPhase;
			buildActionMask = 2147483647;
			files = (
			);
			runOnlyForDeploymentPostprocessing = 0;
		};
/* End PBXResourcesBuildPhase section */

/* Begin PBXSourcesBuildPhase section */
		2B5E91F51A2789A900BF285B /* Sources */ = {
			isa = PBXSourcesBuildPhase;
			buildActionMask = 2147483647;
			files = (
				2B5E92011A2789A900BF285B /* ViewController.swift in Sources */,
				2B5E91FF1A2789A900BF285B /* AppDelegate.swift in Sources */,
			);
			runOnlyForDeploymentPostprocessing = 0;
		};
		2B5E920A1A2789A900BF285B /* Sources */ = {
			isa = PBXSourcesBuildPhase;
			buildActionMask = 2147483647;
			files = (
				2B5E92151A2789A900BF285B /* SwiftNineMenMorrisTests.swift in Sources */,
			);
			runOnlyForDeploymentPostprocessing = 0;
		};
/* End PBXSourcesBuildPhase section */

/* Begin PBXTargetDependency section */
		2B5E92101A2789A900BF285B /* PBXTargetDependency */ = {
			isa = PBXTargetDependency;
			target = 2B5E91F81A2789A900BF285B /* SwiftNineMenMorris */;
			targetProxy = 2B5E920F1A2789A900BF285B /* PBXContainerItemProxy */;
		};
/* End PBXTargetDependency section */

/* Begin PBXVariantGroup section */
		2B5E92021A2789A900BF285B /* Main.storyboard */ = {
			isa = PBXVariantGroup;
			children = (
				2B5E92031A2789A900BF285B /* Base */,
			);
			name = Main.storyboard;
			sourceTree = "<group>";
		};
		2B5E92071A2789A900BF285B /* LaunchScreen.xib */ = {
			isa = PBXVariantGroup;
			children = (
				2B5E92081A2789A900BF285B /* Base */,
			);
			name = LaunchScreen.xib;
			sourceTree = "<group>";
		};
/* End PBXVariantGroup section */

/* Begin XCBuildConfiguration section */
		2B5E92161A2789A900BF285B /* Debug */ = {
			isa = XCBuildConfiguration;
			buildSettings = {
				ALWAYS_SEARCH_USER_PATHS = NO;
				CLANG_CXX_LANGUAGE_STANDARD = "gnu++0x";
				CLANG_CXX_LIBRARY = "libc++";
				CLANG_ENABLE_MODULES = YES;
				CLANG_ENABLE_OBJC_ARC = YES;
				CLANG_WARN_BOOL_CONVERSION = YES;
				CLANG_WARN_CONSTANT_CONVERSION = YES;
				CLANG_WARN_DIRECT_OBJC_ISA_USAGE = YES_ERROR;
				CLANG_WARN_EMPTY_BODY = YES;
				CLANG_WARN_ENUM_CONVERSION = YES;
				CLANG_WARN_INT_CONVERSION = YES;
				CLANG_WARN_OBJC_ROOT_CLASS = YES_ERROR;
				CLANG_WARN_UNREACHABLE_CODE = YES;
				CLANG_WARN__DUPLICATE_METHOD_MATCH = YES;
				"CODE_SIGN_IDENTITY[sdk=iphoneos*]" = "iPhone Developer";
				COPY_PHASE_STRIP = NO;
				ENABLE_STRICT_OBJC_MSGSEND = YES;
				GCC_C_LANGUAGE_STANDARD = gnu99;
				GCC_DYNAMIC_NO_PIC = NO;
				GCC_OPTIMIZATION_LEVEL = 0;
				GCC_PREPROCESSOR_DEFINITIONS = (
					"DEBUG=1",
					"$(inherited)",
				);
				GCC_SYMBOLS_PRIVATE_EXTERN = NO;
				GCC_WARN_64_TO_32_BIT_CONVERSION = YES;
				GCC_WARN_ABOUT_RETURN_TYPE = YES_ERROR;
				GCC_WARN_UNDECLARED_SELECTOR = YES;
				GCC_WARN_UNINITIALIZED_AUTOS = YES_AGGRESSIVE;
				GCC_WARN_UNUSED_FUNCTION = YES;
				GCC_WARN_UNUSED_VARIABLE = YES;
				IPHONEOS_DEPLOYMENT_TARGET = 8.1;
				MTL_ENABLE_DEBUG_INFO = YES;
				ONLY_ACTIVE_ARCH = YES;
				SDKROOT = iphoneos;
				SWIFT_OPTIMIZATION_LEVEL = "-Onone";
			};
			name = Debug;
		};
		2B5E92171A2789A900BF285B /* Release */ = {
			isa = XCBuildConfiguration;
			buildSettings = {
				ALWAYS_SEARCH_USER_PATHS = NO;
				CLANG_CXX_LANGUAGE_STANDARD = "gnu++0x";
				CLANG_CXX_LIBRARY = "libc++";
				CLANG_ENABLE_MODULES = YES;
				CLANG_ENABLE_OBJC_ARC = YES;
				CLANG_WARN_BOOL_CONVERSION = YES;
				CLANG_WARN_CONSTANT_CONVERSION = YES;
				CLANG_WARN_DIRECT_OBJC_ISA_USAGE = YES_ERROR;
				CLANG_WARN_EMPTY_BODY = YES;
				CLANG_WARN_ENUM_CONVERSION = YES;
				CLANG_WARN_INT_CONVERSION = YES;
				CLANG_WARN_OBJC_ROOT_CLASS = YES_ERROR;
				CLANG_WARN_UNREACHABLE_CODE = YES;
				CLANG_WARN__DUPLICATE_METHOD_MATCH = YES;
				"CODE_SIGN_IDENTITY[sdk=iphoneos*]" = "iPhone Developer";
				COPY_PHASE_STRIP = YES;
				ENABLE_NS_ASSERTIONS = NO;
				ENABLE_STRICT_OBJC_MSGSEND = YES;
				GCC_C_LANGUAGE_STANDARD = gnu99;
				GCC_WARN_64_TO_32_BIT_CONVERSION = YES;
				GCC_WARN_ABOUT_RETURN_TYPE = YES_ERROR;
				GCC_WARN_UNDECLARED_SELECTOR = YES;
				GCC_WARN_UNINITIALIZED_AUTOS = YES_AGGRESSIVE;
				GCC_WARN_UNUSED_FUNCTION = YES;
				GCC_WARN_UNUSED_VARIABLE = YES;
				IPHONEOS_DEPLOYMENT_TARGET = 8.1;
				MTL_ENABLE_DEBUG_INFO = NO;
				SDKROOT = iphoneos;
				VALIDATE_PRODUCT = YES;
			};
			name = Release;
		};
		2B5E92191A2789A900BF285B /* Debug */ = {
			isa = XCBuildConfiguration;
			buildSettings = {
				ASSETCATALOG_COMPILER_APPICON_NAME = AppIcon;
				INFOPLIST_FILE = SwiftNineMenMorris/Info.plist;
				LD_RUNPATH_SEARCH_PATHS = "$(inherited) @executable_path/Frameworks";
				PRODUCT_NAME = "$(TARGET_NAME)";
			};
			name = Debug;
		};
		2B5E921A1A2789A900BF285B /* Release */ = {
			isa = XCBuildConfiguration;
			buildSettings = {
				ASSETCATALOG_COMPILER_APPICON_NAME = AppIcon;
				INFOPLIST_FILE = SwiftNineMenMorris/Info.plist;
				LD_RUNPATH_SEARCH_PATHS = "$(inherited) @executable_path/Frameworks";
				PRODUCT_NAME = "$(TARGET_NAME)";
			};
			name = Release;
		};
		2B5E921C1A2789A900BF285B /* Debug */ = {
			isa = XCBuildConfiguration;
			buildSettings = {
				BUNDLE_LOADER = "$(TEST_HOST)";
				FRAMEWORK_SEARCH_PATHS = (
					"$(SDKROOT)/Developer/Library/Frameworks",
					"$(inherited)",
				);
				GCC_PREPROCESSOR_DEFINITIONS = (
					"DEBUG=1",
					"$(inherited)",
				);
				INFOPLIST_FILE = SwiftNineMenMorrisTests/Info.plist;
				LD_RUNPATH_SEARCH_PATHS = "$(inherited) @executable_path/Frameworks @loader_path/Frameworks";
				PRODUCT_NAME = "$(TARGET_NAME)";
				TEST_HOST = "$(BUILT_PRODUCTS_DIR)/SwiftNineMenMorris.app/SwiftNineMenMorris";
			};
			name = Debug;
		};
		2B5E921D1A2789A900BF285B /* Release */ = {
			isa = XCBuildConfiguration;
			buildSettings = {
				BUNDLE_LOADER = "$(TEST_HOST)";
				FRAMEWORK_SEARCH_PATHS = (
					"$(SDKROOT)/Developer/Library/Frameworks",
					"$(inherited)",
				);
				INFOPLIST_FILE = SwiftNineMenMorrisTests/Info.plist;
				LD_RUNPATH_SEARCH_PATHS = "$(inherited) @executable_path/Frameworks @loader_path/Frameworks";
				PRODUCT_NAME = "$(TARGET_NAME)";
				TEST_HOST = "$(BUILT_PRODUCTS_DIR)/SwiftNineMenMorris.app/SwiftNineMenMorris";
			};
			name = Release;
		};
/* End XCBuildConfiguration section */

/* Begin XCConfigurationList section */
		2B5E91F41A2789A900BF285B /* Build configuration list for PBXProject "SwiftNineMenMorris" */ = {
			isa = XCConfigurationList;
			buildConfigurations = (
				2B5E92161A2789A900BF285B /* Debug */,
				2B5E92171A2789A900BF285B /* Release */,
			);
			defaultConfigurationIsVisible = 0;
			defaultConfigurationName = Release;
		};
		2B5E92181A2789A900BF285B /* Build configuration list for PBXNativeTarget "SwiftNineMenMorris" */ = {
			isa = XCConfigurationList;
			buildConfigurations = (
				2B5E92191A2789A900BF285B /* Debug */,
				2B5E921A1A2789A900BF285B /* Release */,
			);
			defaultConfigurationIsVisible = 0;
		};
		2B5E921B1A2789A900BF285B /* Build configuration list for PBXNativeTarget "SwiftNineMenMorrisTests" */ = {
			isa = XCConfigurationList;
			buildConfigurations = (
				2B5E921C1A2789A900BF285B /* Debug */,
				2B5E921D1A2789A900BF285B /* Release */,
			);
			defaultConfigurationIsVisible = 0;
		};
/* End XCConfigurationList section */
	};
	rootObject = 2B5E91F11A2789A900BF285B /* Project object */;
}
